
Microsoft Visual Studio Solution File, Format Version 12.00
# Visual Studio Version 16
VisualStudioVersion = 16.0.31729.503
MinimumVisualStudioVersion = 10.0.40219.1
Project("{FAE04EC0-301F-11D3-BF4B-00C04F79EFBC}") = "GraphQlSample", "GraphQlSample\GraphQlSample.csproj", "{269036C4-658F-4CEF-943E-BD3A0A561839}"
EndProject
Global
	GlobalSection(SolutionConfigurationPlatforms) = preSolution
		Debug|Any CPU = Debug|Any CPU
		Release|Any CPU = Release|Any CPU
	EndGlobalSection
	GlobalSection(ProjectConfigurationPlatforms) = postSolution
		{269036C4-658F-4CEF-943E-BD3A0A561839}.Debug|Any CPU.ActiveCfg = Debug|Any CPU
		{269036C4-658F-4CEF-943E-BD3A0A561839}.Debug|Any CPU.Build.0 = Debug|Any CPU
		{269036C4-658F-4CEF-943E-BD3A0A561839}.Release|Any CPU.ActiveCfg = Release|Any CPU
		{269036C4-658F-4CEF-943E-BD3A0A561839}.Release|Any CPU.Build.0 = Release|Any CPU
	EndGlobalSection
	GlobalSection(SolutionProperties) = preSolution
		HideSolutionNode = FALSE
	EndGlobalSection
	GlobalSection(ExtensibilityGlobals) = postSolution
		SolutionGuid = {A221D64F-7D98-407F-9D44-70B3CF6565C5}
	EndGlobalSection
EndGlobal
